
Microsoft Visual Studio Solution File, Format Version 12.00
# Visual Studio Version 16
VisualStudioVersion = 16.0.29806.167
MinimumVisualStudioVersion = 10.0.40219.1
Project("{2150E333-8FDC-42A3-9474-1A3956D46DE8}") = "1.UI", "1.UI", "{CE129B7D-5A71-4BE5-85D5-9CACDE0C7B2A}"
EndProject
Project("{FAE04EC0-301F-11D3-BF4B-00C04F79EFBC}") = "Czar.Cms.Admin", "Czar.Cms.Admin\Czar.Cms.Admin.csproj", "{4AB61FED-90EE-47BE-980E-977526D002D2}"
EndProject
Project("{FAE04EC0-301F-11D3-BF4B-00C04F79EFBC}") = "Czar.Cms.Site", "Czar.Cms.Site\Czar.Cms.Site.csproj", "{466012F6-8461-4437-82A0-FD4FA051CCA9}"
EndProject
Project("{2150E333-8FDC-42A3-9474-1A3956D46DE8}") = "2.Application", "2.Application", "{30AEF8F2-C4FC-49EA-AA4A-44D563776CB0}"
EndProject
Project("{FAE04EC0-301F-11D3-BF4B-00C04F79EFBC}") = "Czar.Cms.IService", "Czar.Cms.IService\Czar.Cms.IService.csproj", "{48D7AC3A-9E7B-4E0D-B5A4-51883161EA67}"
EndProject
Project("{FAE04EC0-301F-11D3-BF4B-00C04F79EFBC}") = "Czar.Cms.Service", "Czar.Cms.Service\Czar.Cms.Service.csproj", "{D360780C-DED4-4B29-91C8-8DCBB94F1AC9}"
EndProject
Project("{2150E333-8FDC-42A3-9474-1A3956D46DE8}") = "3.Repositonry", "3.Repositonry", "{F9ECCD75-EA9B-42EE-9B94-129B68D44EAB}"
EndProject
Project("{FAE04EC0-301F-11D3-BF4B-00C04F79EFBC}") = "Czar.Cms.IRepository", "Czar.Cms.IRepository\Czar.Cms.IRepository.csproj", "{2EF83B2F-547D-4844-868D-58D503797912}"
EndProject
Project("{FAE04EC0-301F-11D3-BF4B-00C04F79EFBC}") = "Czar.Cms.Repository.SqlServer", "Czar.Cms.Repository.SqlServer\Czar.Cms.Repository.SqlServer.csproj", "{75BEED12-BAD5-4C6E-BC4A-51CCB99DF3AF}"
EndProject
Project("{2150E333-8FDC-42A3-9474-1A3956D46DE8}") = "4.Entity", "4.Entity", "{A2B3453B-75EA-451C-A119-F9039F6B3849}"
EndProject
Project("{FAE04EC0-301F-11D3-BF4B-00C04F79EFBC}") = "Czar.Cms.Models", "Czar.Cms.Models\Czar.Cms.Models.csproj", "{F8A82846-8272-47ED-99EC-4BAD7611D901}"
EndProject
Project("{FAE04EC0-301F-11D3-BF4B-00C04F79EFBC}") = "Czar.Cms.ViewModels", "Czar.Cms.ViewModels\Czar.Cms.ViewModels.csproj", "{669151C6-0B6D-446C-95F7-733E9F150073}"
EndProject
Project("{2150E333-8FDC-42A3-9474-1A3956D46DE8}") = "5.Infrastructure", "5.Infrastructure", "{D6C2397C-C9AE-4253-8580-B9B714654C0B}"
EndProject
Project("{FAE04EC0-301F-11D3-BF4B-00C04F79EFBC}") = "Czar.Cms.Core", "Czar.Cms.Core\Czar.Cms.Core.csproj", "{4A349C56-25D3-44BE-A6D7-332834E8A069}"
EndProject
Global
	GlobalSection(SolutionConfigurationPlatforms) = preSolution
		Debug|Any CPU = Debug|Any CPU
		Release|Any CPU = Release|Any CPU
	EndGlobalSection
	GlobalSection(ProjectConfigurationPlatforms) = postSolution
		{4AB61FED-90EE-47BE-980E-977526D002D2}.Debug|Any CPU.ActiveCfg = Debug|Any CPU
		{4AB61FED-90EE-47BE-980E-977526D002D2}.Debug|Any CPU.Build.0 = Debug|Any CPU
		{4AB61FED-90EE-47BE-980E-977526D002D2}.Release|Any CPU.ActiveCfg = Release|Any CPU
		{4AB61FED-90EE-47BE-980E-977526D002D2}.Release|Any CPU.Build.0 = Release|Any CPU
		{466012F6-8461-4437-82A0-FD4FA051CCA9}.Debug|Any CPU.ActiveCfg = Debug|Any CPU
		{466012F6-8461-4437-82A0-FD4FA051CCA9}.Debug|Any CPU.Build.0 = Debug|Any CPU
		{466012F6-8461-4437-82A0-FD4FA051CCA9}.Release|Any CPU.ActiveCfg = Release|Any CPU
		{466012F6-8461-4437-82A0-FD4FA051CCA9}.Release|Any CPU.Build.0 = Release|Any CPU
		{48D7AC3A-9E7B-4E0D-B5A4-51883161EA67}.Debug|Any CPU.ActiveCfg = Debug|Any CPU
		{48D7AC3A-9E7B-4E0D-B5A4-51883161EA67}.Debug|Any CPU.Build.0 = Debug|Any CPU
		{48D7AC3A-9E7B-4E0D-B5A4-51883161EA67}.Release|Any CPU.ActiveCfg = Release|Any CPU
		{48D7AC3A-9E7B-4E0D-B5A4-51883161EA67}.Release|Any CPU.Build.0 = Release|Any CPU
		{D360780C-DED4-4B29-91C8-8DCBB94F1AC9}.Debug|Any CPU.ActiveCfg = Debug|Any CPU
		{D360780C-DED4-4B29-91C8-8DCBB94F1AC9}.Debug|Any CPU.Build.0 = Debug|Any CPU
		{D360780C-DED4-4B29-91C8-8DCBB94F1AC9}.Release|Any CPU.ActiveCfg = Release|Any CPU
		{D360780C-DED4-4B29-91C8-8DCBB94F1AC9}.Release|Any CPU.Build.0 = Release|Any CPU
		{2EF83B2F-547D-4844-868D-58D503797912}.Debug|Any CPU.ActiveCfg = Debug|Any CPU
		{2EF83B2F-547D-4844-868D-58D503797912}.Debug|Any CPU.Build.0 = Debug|Any CPU
		{2EF83B2F-547D-4844-868D-58D503797912}.Release|Any CPU.ActiveCfg = Release|Any CPU
		{2EF83B2F-547D-4844-868D-58D503797912}.Release|Any CPU.Build.0 = Release|Any CPU
		{75BEED12-BAD5-4C6E-BC4A-51CCB99DF3AF}.Debug|Any CPU.ActiveCfg = Debug|Any CPU
		{75BEED12-BAD5-4C6E-BC4A-51CCB99DF3AF}.Debug|Any CPU.Build.0 = Debug|Any CPU
		{75BEED12-BAD5-4C6E-BC4A-51CCB99DF3AF}.Release|Any CPU.ActiveCfg = Release|Any CPU
		{75BEED12-BAD5-4C6E-BC4A-51CCB99DF3AF}.Release|Any CPU.Build.0 = Release|Any CPU
		{F8A82846-8272-47ED-99EC-4BAD7611D901}.Debug|Any CPU.ActiveCfg = Debug|Any CPU
		{F8A82846-8272-47ED-99EC-4BAD7611D901}.Debug|Any CPU.Build.0 = Debug|Any CPU
		{F8A82846-8272-47ED-99EC-4BAD7611D901}.Release|Any CPU.ActiveCfg = Release|Any CPU
		{F8A82846-8272-47ED-99EC-4BAD7611D901}.Release|Any CPU.Build.0 = Release|Any CPU
		{669151C6-0B6D-446C-95F7-733E9F150073}.Debug|Any CPU.ActiveCfg = Debug|Any CPU
		{669151C6-0B6D-446C-95F7-733E9F150073}.Debug|Any CPU.Build.0 = Debug|Any CPU
		{669151C6-0B6D-446C-95F7-733E9F150073}.Release|Any CPU.ActiveCfg = Release|Any CPU
		{669151C6-0B6D-446C-95F7-733E9F150073}.Release|Any CPU.Build.0 = Release|Any CPU
		{4A349C56-25D3-44BE-A6D7-332834E8A069}.Debug|Any CPU.ActiveCfg = Debug|Any CPU
		{4A349C56-25D3-44BE-A6D7-332834E8A069}.Debug|Any CPU.Build.0 = Debug|Any CPU
		{4A349C56-25D3-44BE-A6D7-332834E8A069}.Release|Any CPU.ActiveCfg = Release|Any CPU
		{4A349C56-25D3-44BE-A6D7-332834E8A069}.Release|Any CPU.Build.0 = Release|Any CPU
	EndGlobalSection
	GlobalSection(SolutionProperties) = preSolution
		HideSolutionNode = FALSE
	EndGlobalSection
	GlobalSection(NestedProjects) = preSolution
		{4AB61FED-90EE-47BE-980E-977526D002D2} = {CE129B7D-5A71-4BE5-85D5-9CACDE0C7B2A}
		{466012F6-8461-4437-82A0-FD4FA051CCA9} = {CE129B7D-5A71-4BE5-85D5-9CACDE0C7B2A}
		{48D7AC3A-9E7B-4E0D-B5A4-51883161EA67} = {30AEF8F2-C4FC-49EA-AA4A-44D563776CB0}
		{D360780C-DED4-4B29-91C8-8DCBB94F1AC9} = {30AEF8F2-C4FC-49EA-AA4A-44D563776CB0}
		{2EF83B2F-547D-4844-868D-58D503797912} = {F9ECCD75-EA9B-42EE-9B94-129B68D44EAB}
		{75BEED12-BAD5-4C6E-BC4A-51CCB99DF3AF} = {F9ECCD75-EA9B-42EE-9B94-129B68D44EAB}
		{F8A82846-8272-47ED-99EC-4BAD7611D901} = {A2B3453B-75EA-451C-A119-F9039F6B3849}
		{669151C6-0B6D-446C-95F7-733E9F150073} = {A2B3453B-75EA-451C-A119-F9039F6B3849}
		{4A349C56-25D3-44BE-A6D7-332834E8A069} = {D6C2397C-C9AE-4253-8580-B9B714654C0B}
	EndGlobalSection
	GlobalSection(ExtensibilityGlobals) = postSolution
		SolutionGuid = {B67A9051-6DDB-4CBB-9940-4629D7DD1283}
	EndGlobalSection
EndGlobal
